// !$*UTF8*$!
{
	archiveVersion = 1;
	classes = {
	};
	objectVersion = 56;
	objects = {

/* Begin PBXBuildFile section */
		795D50F82B8C440600D1C9CB /* BookLogic.swift in Sources */ = {isa = PBXBuildFile; fileRef = 795D50F72B8C440600D1C9CB /* BookLogic.swift */; };
		796853482B8BE937000D08E0 /* AppDelegate.swift in Sources */ = {isa = PBXBuildFile; fileRef = 796853472B8BE937000D08E0 /* AppDelegate.swift */; };
		7968534A2B8BE937000D08E0 /* SceneDelegate.swift in Sources */ = {isa = PBXBuildFile; fileRef = 796853492B8BE937000D08E0 /* SceneDelegate.swift */; };
		7968534C2B8BE937000D08E0 /* ViewController.swift in Sources */ = {isa = PBXBuildFile; fileRef = 7968534B2B8BE937000D08E0 /* ViewController.swift */; };
		7968534F2B8BE937000D08E0 /* Main.storyboard in Resources */ = {isa = PBXBuildFile; fileRef = 7968534D2B8BE937000D08E0 /* Main.storyboard */; };
		796853512B8BE938000D08E0 /* Assets.xcassets in Resources */ = {isa = PBXBuildFile; fileRef = 796853502B8BE938000D08E0 /* Assets.xcassets */; };
		796853542B8BE938000D08E0 /* LaunchScreen.storyboard in Resources */ = {isa = PBXBuildFile; fileRef = 796853522B8BE938000D08E0 /* LaunchScreen.storyboard */; };
		7968535C2B8BF567000D08E0 /* Book.swift in Sources */ = {isa = PBXBuildFile; fileRef = 7968535B2B8BF567000D08E0 /* Book.swift */; };
		7968535E2B8C2195000D08E0 /* SingleView.swift in Sources */ = {isa = PBXBuildFile; fileRef = 7968535D2B8C2194000D08E0 /* SingleView.swift */; };
/* End PBXBuildFile section */

/* Begin PBXFileReference section */
		795D50F72B8C440600D1C9CB /* BookLogic.swift */ = {isa = PBXFileReference; lastKnownFileType = sourcecode.swift; path = BookLogic.swift; sourceTree = "<group>"; };
		796853442B8BE937000D08E0 /* assignment7.app */ = {isa = PBXFileReference; explicitFileType = wrapper.application; includeInIndex = 0; path = assignment7.app; sourceTree = BUILT_PRODUCTS_DIR; };
		796853472B8BE937000D08E0 /* AppDelegate.swift */ = {isa = PBXFileReference; lastKnownFileType = sourcecode.swift; path = AppDelegate.swift; sourceTree = "<group>"; };
		796853492B8BE937000D08E0 /* SceneDelegate.swift */ = {isa = PBXFileReference; lastKnownFileType = sourcecode.swift; path = SceneDelegate.swift; sourceTree = "<group>"; };
		7968534B2B8BE937000D08E0 /* ViewController.swift */ = {isa = PBXFileReference; lastKnownFileType = sourcecode.swift; path = ViewController.swift; sourceTree = "<group>"; };
		7968534E2B8BE937000D08E0 /* Base */ = {isa = PBXFileReference; lastKnownFileType = file.storyboard; name = Base; path = Base.lproj/Main.storyboard; sourceTree = "<group>"; };
		796853502B8BE938000D08E0 /* Assets.xcassets */ = {isa = PBXFileReference; lastKnownFileType = folder.assetcatalog; path = Assets.xcassets; sourceTree = "<group>"; };
		796853532B8BE938000D08E0 /* Base */ = {isa = PBXFileReference; lastKnownFileType = file.storyboard; name = Base; path = Base.lproj/LaunchScreen.storyboard; sourceTree = "<group>"; };
		796853552B8BE938000D08E0 /* Info.plist */ = {isa = PBXFileReference; lastKnownFileType = text.plist.xml; path = Info.plist; sourceTree = "<group>"; };
		7968535B2B8BF567000D08E0 /* Book.swift */ = {isa = PBXFileReference; lastKnownFileType = sourcecode.swift; path = Book.swift; sourceTree = "<group>"; };
		7968535D2B8C2194000D08E0 /* SingleView.swift */ = {isa = PBXFileReference; lastKnownFileType = sourcecode.swift; path = SingleView.swift; sourceTree = "<group>"; };
/* End PBXFileReference section */

/* Begin PBXFrameworksBuildPhase section */
		796853412B8BE937000D08E0 /* Frameworks */ = {
			isa = PBXFrameworksBuildPhase;
			buildActionMask = 2147483647;
			files = (
			);
			runOnlyForDeploymentPostprocessing = 0;
		};
/* End PBXFrameworksBuildPhase section */

/* Begin PBXGroup section */
		7968533B2B8BE937000D08E0 = {
			isa = PBXGroup;
			children = (
				796853462B8BE937000D08E0 /* assignment7 */,
				796853452B8BE937000D08E0 /* Products */,
			);
			sourceTree = "<group>";
		};
		796853452B8BE937000D08E0 /* Products */ = {
			isa = PBXGroup;
			children = (
				796853442B8BE937000D08E0 /* assignment7.app */,
			);
			name = Products;
			sourceTree = "<group>";
		};
		796853462B8BE937000D08E0 /* assignment7 */ = {
			isa = PBXGroup;
			children = (
				796853602B8C3674000D08E0 /* Model */,
				796853472B8BE937000D08E0 /* AppDelegate.swift */,
				796853492B8BE937000D08E0 /* SceneDelegate.swift */,
				7968535F2B8C3661000D08E0 /* View */,
				7968534D2B8BE937000D08E0 /* Main.storyboard */,
				796853502B8BE938000D08E0 /* Assets.xcassets */,
				796853522B8BE938000D08E0 /* LaunchScreen.storyboard */,
				796853552B8BE938000D08E0 /* Info.plist */,
			);
			path = assignment7;
			sourceTree = "<group>";
		};
		7968535F2B8C3661000D08E0 /* View */ = {
			isa = PBXGroup;
			children = (
				7968534B2B8BE937000D08E0 /* ViewController.swift */,
				7968535D2B8C2194000D08E0 /* SingleView.swift */,
			);
			path = View;
			sourceTree = "<group>";
		};
		796853602B8C3674000D08E0 /* Model */ = {
			isa = PBXGroup;
			children = (
				7968535B2B8BF567000D08E0 /* Book.swift */,
				795D50F72B8C440600D1C9CB /* BookLogic.swift */,
			);
			path = Model;
			sourceTree = "<group>";
		};
/* End PBXGroup section */

/* Begin PBXNativeTarget section */
		796853432B8BE937000D08E0 /* assignment7 */ = {
			isa = PBXNativeTarget;
			buildConfigurationList = 796853582B8BE938000D08E0 /* Build configuration list for PBXNativeTarget "assignment7" */;
			buildPhases = (
				796853402B8BE937000D08E0 /* Sources */,
				796853412B8BE937000D08E0 /* Frameworks */,
				796853422B8BE937000D08E0 /* Resources */,
			);
			buildRules = (
			);
			dependencies = (
			);
			name = assignment7;
			productName = assignment7;
			productReference = 796853442B8BE937000D08E0 /* assignment7.app */;
			productType = "com.apple.product-type.application";
		};
/* End PBXNativeTarget section */

/* Begin PBXProject section */
		7968533C2B8BE937000D08E0 /* Project object */ = {
			isa = PBXProject;
			attributes = {
				BuildIndependentTargetsInParallel = 1;
				LastSwiftUpdateCheck = 1430;
				LastUpgradeCheck = 1430;
				TargetAttributes = {
					796853432B8BE937000D08E0 = {
						CreatedOnToolsVersion = 14.3;
					};
				};
			};
			buildConfigurationList = 7968533F2B8BE937000D08E0 /* Build configuration list for PBXProject "assignment7" */;
			compatibilityVersion = "Xcode 14.0";
			developmentRegion = en;
			hasScannedForEncodings = 0;
			knownRegions = (
				en,
				Base,
			);
			mainGroup = 7968533B2B8BE937000D08E0;
			productRefGroup = 796853452B8BE937000D08E0 /* Products */;
			projectDirPath = "";
			projectRoot = "";
			targets = (
				796853432B8BE937000D08E0 /* assignment7 */,
			);
		};
/* End PBXProject section */

/* Begin PBXResourcesBuildPhase section */
		796853422B8BE937000D08E0 /* Resources */ = {
			isa = PBXResourcesBuildPhase;
			buildActionMask = 2147483647;
			files = (
				796853542B8BE938000D08E0 /* LaunchScreen.storyboard in Resources */,
				796853512B8BE938000D08E0 /* Assets.xcassets in Resources */,
				7968534F2B8BE937000D08E0 /* Main.storyboard in Resources */,
			);
			runOnlyForDeploymentPostprocessing = 0;
		};
/* End PBXResourcesBuildPhase section */

/* Begin PBXSourcesBuildPhase section */
		796853402B8BE937000D08E0 /* Sources */ = {
			isa = PBXSourcesBuildPhase;
			buildActionMask = 2147483647;
			files = (
				7968535C2B8BF567000D08E0 /* Book.swift in Sources */,
				7968535E2B8C2195000D08E0 /* SingleView.swift in Sources */,
				7968534C2B8BE937000D08E0 /* ViewController.swift in Sources */,
				795D50F82B8C440600D1C9CB /* BookLogic.swift in Sources */,
				796853482B8BE937000D08E0 /* AppDelegate.swift in Sources */,
				7968534A2B8BE937000D08E0 /* SceneDelegate.swift in Sources */,
			);
			runOnlyForDeploymentPostprocessing = 0;
		};
/* End PBXSourcesBuildPhase section */

/* Begin PBXVariantGroup section */
		7968534D2B8BE937000D08E0 /* Main.storyboard */ = {
			isa = PBXVariantGroup;
			children = (
				7968534E2B8BE937000D08E0 /* Base */,
			);
			name = Main.storyboard;
			sourceTree = "<group>";
		};
		796853522B8BE938000D08E0 /* LaunchScreen.storyboard */ = {
			isa = PBXVariantGroup;
			children = (
				796853532B8BE938000D08E0 /* Base */,
			);
			name = LaunchScreen.storyboard;
			sourceTree = "<group>";
		};
/* End PBXVariantGroup section */

/* Begin XCBuildConfiguration section */
		796853562B8BE938000D08E0 /* Debug */ = {
			isa = XCBuildConfiguration;
			buildSettings = {
				ALWAYS_SEARCH_USER_PATHS = NO;
				CLANG_ANALYZER_NONNULL = YES;
				CLANG_ANALYZER_NUMBER_OBJECT_CONVERSION = YES_AGGRESSIVE;
				CLANG_CXX_LANGUAGE_STANDARD = "gnu++20";
				CLANG_ENABLE_MODULES = YES;
				CLANG_ENABLE_OBJC_ARC = YES;
				CLANG_ENABLE_OBJC_WEAK = YES;
				CLANG_WARN_BLOCK_CAPTURE_AUTORELEASING = YES;
				CLANG_WARN_BOOL_CONVERSION = YES;
				CLANG_WARN_COMMA = YES;
				CLANG_WARN_CONSTANT_CONVERSION = YES;
				CLANG_WARN_DEPRECATED_OBJC_IMPLEMENTATIONS = YES;
				CLANG_WARN_DIRECT_OBJC_ISA_USAGE = YES_ERROR;
				CLANG_WARN_DOCUMENTATION_COMMENTS = YES;
				CLANG_WARN_EMPTY_BODY = YES;
				CLANG_WARN_ENUM_CONVERSION = YES;
				CLANG_WARN_INFINITE_RECURSION = YES;
				CLANG_WARN_INT_CONVERSION = YES;
				CLANG_WARN_NON_LITERAL_NULL_CONVERSION = YES;
				CLANG_WARN_OBJC_IMPLICIT_RETAIN_SELF = YES;
				CLANG_WARN_OBJC_LITERAL_CONVERSION = YES;
				CLANG_WARN_OBJC_ROOT_CLASS = YES_ERROR;
				CLANG_WARN_QUOTED_INCLUDE_IN_FRAMEWORK_HEADER = YES;
				CLANG_WARN_RANGE_LOOP_ANALYSIS = YES;
				CLANG_WARN_STRICT_PROTOTYPES = YES;
				CLANG_WARN_SUSPICIOUS_MOVE = YES;
				CLANG_WARN_UNGUARDED_AVAILABILITY = YES_AGGRESSIVE;
				CLANG_WARN_UNREACHABLE_CODE = YES;
				CLANG_WARN__DUPLICATE_METHOD_MATCH = YES;
				COPY_PHASE_STRIP = NO;
				DEBUG_INFORMATION_FORMAT = dwarf;
				ENABLE_STRICT_OBJC_MSGSEND = YES;
				ENABLE_TESTABILITY = YES;
				GCC_C_LANGUAGE_STANDARD = gnu11;
				GCC_DYNAMIC_NO_PIC = NO;
				GCC_NO_COMMON_BLOCKS = YES;
				GCC_OPTIMIZATION_LEVEL = 0;
				GCC_PREPROCESSOR_DEFINITIONS = (
					"DEBUG=1",
					"$(inherited)",
				);
				GCC_WARN_64_TO_32_BIT_CONVERSION = YES;
				GCC_WARN_ABOUT_RETURN_TYPE = YES_ERROR;
				GCC_WARN_UNDECLARED_SELECTOR = YES;
				GCC_WARN_UNINITIALIZED_AUTOS = YES_AGGRESSIVE;
				GCC_WARN_UNUSED_FUNCTION = YES;
				GCC_WARN_UNUSED_VARIABLE = YES;
				IPHONEOS_DEPLOYMENT_TARGET = 16.4;
				MTL_ENABLE_DEBUG_INFO = INCLUDE_SOURCE;
				MTL_FAST_MATH = YES;
				ONLY_ACTIVE_ARCH = YES;
				SDKROOT = iphoneos;
				SWIFT_ACTIVE_COMPILATION_CONDITIONS = DEBUG;
				SWIFT_OPTIMIZATION_LEVEL = "-Onone";
			};
			name = Debug;
		};
		796853572B8BE938000D08E0 /* Release */ = {
			isa = XCBuildConfiguration;
			buildSettings = {
				ALWAYS_SEARCH_USER_PATHS = NO;
				CLANG_ANALYZER_NONNULL = YES;
				CLANG_ANALYZER_NUMBER_OBJECT_CONVERSION = YES_AGGRESSIVE;
				CLANG_CXX_LANGUAGE_STANDARD = "gnu++20";
				CLANG_ENABLE_MODULES = YES;
				CLANG_ENABLE_OBJC_ARC = YES;
				CLANG_ENABLE_OBJC_WEAK = YES;
				CLANG_WARN_BLOCK_CAPTURE_AUTORELEASING = YES;
				CLANG_WARN_BOOL_CONVERSION = YES;
				CLANG_WARN_COMMA = YES;
				CLANG_WARN_CONSTANT_CONVERSION = YES;
				CLANG_WARN_DEPRECATED_OBJC_IMPLEMENTATIONS = YES;
				CLANG_WARN_DIRECT_OBJC_ISA_USAGE = YES_ERROR;
				CLANG_WARN_DOCUMENTATION_COMMENTS = YES;
				CLANG_WARN_EMPTY_BODY = YES;
				CLANG_WARN_ENUM_CONVERSION = YES;
				CLANG_WARN_INFINITE_RECURSION = YES;
				CLANG_WARN_INT_CONVERSION = YES;
				CLANG_WARN_NON_LITERAL_NULL_CONVERSION = YES;
				CLANG_WARN_OBJC_IMPLICIT_RETAIN_SELF = YES;
				CLANG_WARN_OBJC_LITERAL_CONVERSION = YES;
				CLANG_WARN_OBJC_ROOT_CLASS = YES_ERROR;
				CLANG_WARN_QUOTED_INCLUDE_IN_FRAMEWORK_HEADER = YES;
				CLANG_WARN_RANGE_LOOP_ANALYSIS = YES;
				CLANG_WARN_STRICT_PROTOTYPES = YES;
				CLANG_WARN_SUSPICIOUS_MOVE = YES;
				CLANG_WARN_UNGUARDED_AVAILABILITY = YES_AGGRESSIVE;
				CLANG_WARN_UNREACHABLE_CODE = YES;
				CLANG_WARN__DUPLICATE_METHOD_MATCH = YES;
				COPY_PHASE_STRIP = NO;
				DEBUG_INFORMATION_FORMAT = "dwarf-with-dsym";
				ENABLE_NS_ASSERTIONS = NO;
				ENABLE_STRICT_OBJC_MSGSEND = YES;
				GCC_C_LANGUAGE_STANDARD = gnu11;
				GCC_NO_COMMON_BLOCKS = YES;
				GCC_WARN_64_TO_32_BIT_CONVERSION = YES;
				GCC_WARN_ABOUT_RETURN_TYPE = YES_ERROR;
				GCC_WARN_UNDECLARED_SELECTOR = YES;
				GCC_WARN_UNINITIALIZED_AUTOS = YES_AGGRESSIVE;
				GCC_WARN_UNUSED_FUNCTION = YES;
				GCC_WARN_UNUSED_VARIABLE = YES;
				IPHONEOS_DEPLOYMENT_TARGET = 16.4;
				MTL_ENABLE_DEBUG_INFO = NO;
				MTL_FAST_MATH = YES;
				SDKROOT = iphoneos;
				SWIFT_COMPILATION_MODE = wholemodule;
				SWIFT_OPTIMIZATION_LEVEL = "-O";
				VALIDATE_PRODUCT = YES;
			};
			name = Release;
		};
		796853592B8BE938000D08E0 /* Debug */ = {
			isa = XCBuildConfiguration;
			buildSettings = {
				ASSETCATALOG_COMPILER_APPICON_NAME = AppIcon;
				ASSETCATALOG_COMPILER_GLOBAL_ACCENT_COLOR_NAME = AccentColor;
				CODE_SIGN_STYLE = Automatic;
				CURRENT_PROJECT_VERSION = 1;
				GENERATE_INFOPLIST_FILE = YES;
				INFOPLIST_FILE = assignment7/Info.plist;
				INFOPLIST_KEY_UIApplicationSupportsIndirectInputEvents = YES;
				INFOPLIST_KEY_UILaunchStoryboardName = LaunchScreen;
				INFOPLIST_KEY_UIMainStoryboardFile = Main;
				INFOPLIST_KEY_UISupportedInterfaceOrientations_iPad = "UIInterfaceOrientationPortrait UIInterfaceOrientationPortraitUpsideDown UIInterfaceOrientationLandscapeLeft UIInterfaceOrientationLandscapeRight";
				INFOPLIST_KEY_UISupportedInterfaceOrientations_iPhone = "UIInterfaceOrientationPortrait UIInterfaceOrientationLandscapeLeft UIInterfaceOrientationLandscapeRight";
				LD_RUNPATH_SEARCH_PATHS = (
					"$(inherited)",
					"@executable_path/Frameworks",
				);
				MARKETING_VERSION = 1.0;
				PRODUCT_BUNDLE_IDENTIFIER = edu.auburn.onlinecsse.assignment7;
				PRODUCT_NAME = "$(TARGET_NAME)";
				SWIFT_EMIT_LOC_STRINGS = YES;
				SWIFT_VERSION = 5.0;
				TARGETED_DEVICE_FAMILY = "1,2";
			};
			name = Debug;
		};
		7968535A2B8BE938000D08E0 /* Release */ = {
			isa = XCBuildConfiguration;
			buildSettings = {
				ASSETCATALOG_COMPILER_APPICON_NAME = AppIcon;
				ASSETCATALOG_COMPILER_GLOBAL_ACCENT_COLOR_NAME = AccentColor;
				CODE_SIGN_STYLE = Automatic;
				CURRENT_PROJECT_VERSION = 1;
				GENERATE_INFOPLIST_FILE = YES;
				INFOPLIST_FILE = assignment7/Info.plist;
				INFOPLIST_KEY_UIApplicationSupportsIndirectInputEvents = YES;
				INFOPLIST_KEY_UILaunchStoryboardName = LaunchScreen;
				INFOPLIST_KEY_UIMainStoryboardFile = Main;
				INFOPLIST_KEY_UISupportedInterfaceOrientations_iPad = "UIInterfaceOrientationPortrait UIInterfaceOrientationPortraitUpsideDown UIInterfaceOrientationLandscapeLeft UIInterfaceOrientationLandscapeRight";
				INFOPLIST_KEY_UISupportedInterfaceOrientations_iPhone = "UIInterfaceOrientationPortrait UIInterfaceOrientationLandscapeLeft UIInterfaceOrientationLandscapeRight";
				LD_RUNPATH_SEARCH_PATHS = (
					"$(inherited)",
					"@executable_path/Frameworks",
				);
				MARKETING_VERSION = 1.0;
				PRODUCT_BUNDLE_IDENTIFIER = edu.auburn.onlinecsse.assignment7;
				PRODUCT_NAME = "$(TARGET_NAME)";
				SWIFT_EMIT_LOC_STRINGS = YES;
				SWIFT_VERSION = 5.0;
				TARGETED_DEVICE_FAMILY = "1,2";
			};
			name = Release;
		};
/* End XCBuildConfiguration section */

/* Begin XCConfigurationList section */
		7968533F2B8BE937000D08E0 /* Build configuration list for PBXProject "assignment7" */ = {
			isa = XCConfigurationList;
			buildConfigurations = (
				796853562B8BE938000D08E0 /* Debug */,
				796853572B8BE938000D08E0 /* Release */,
			);
			defaultConfigurationIsVisible = 0;
			defaultConfigurationName = Release;
		};
		796853582B8BE938000D08E0 /* Build configuration list for PBXNativeTarget "assignment7" */ = {
			isa = XCConfigurationList;
			buildConfigurations = (
				796853592B8BE938000D08E0 /* Debug */,
				7968535A2B8BE938000D08E0 /* Release */,
			);
			defaultConfigurationIsVisible = 0;
			defaultConfigurationName = Release;
		};
/* End XCConfigurationList section */
	};
	rootObject = 7968533C2B8BE937000D08E0 /* Project object */;
}
